
Microsoft Visual Studio Solution File, Format Version 12.00
# Visual Studio Version 16
VisualStudioVersion = 16.0.29905.134
MinimumVisualStudioVersion = 10.0.40219.1
Project("{FAE04EC0-301F-11D3-BF4B-00C04F79EFBC}") = "Translyator", "Translyator\Translyator.csproj", "{C1FD605A-46EF-4F57-A2A9-AA72C2053C47}"
EndProject
Global
	GlobalSection(SolutionConfigurationPlatforms) = preSolution
		Debug|Any CPU = Debug|Any CPU
		Release|Any CPU = Release|Any CPU
	EndGlobalSection
	GlobalSection(ProjectConfigurationPlatforms) = postSolution
		{C1FD605A-46EF-4F57-A2A9-AA72C2053C47}.Debug|Any CPU.ActiveCfg = Debug|Any CPU
		{C1FD605A-46EF-4F57-A2A9-AA72C2053C47}.Debug|Any CPU.Build.0 = Debug|Any CPU
		{C1FD605A-46EF-4F57-A2A9-AA72C2053C47}.Release|Any CPU.ActiveCfg = Release|Any CPU
		{C1FD605A-46EF-4F57-A2A9-AA72C2053C47}.Release|Any CPU.Build.0 = Release|Any CPU
	EndGlobalSection
	GlobalSection(SolutionProperties) = preSolution
		HideSolutionNode = FALSE
	EndGlobalSection
	GlobalSection(ExtensibilityGlobals) = postSolution
		SolutionGuid = {0AE769D2-4153-48DD-9521-9D9D5F114B7C}
	EndGlobalSection
EndGlobal
